
Microsoft Visual Studio Solution File, Format Version 12.00
# Visual Studio Version 17
VisualStudioVersion = 17.9.34407.89
MinimumVisualStudioVersion = 10.0.40219.1
Project("{8BC9CEB8-8B4A-11D0-8D11-00A0C91BC942}") = "WiNux Shell", "WiNux Shell\WiNux Shell.vcxproj", "{91BB5204-A51D-4936-9AB3-197C3E680FFD}"
EndProject
Global
	GlobalSection(SolutionConfigurationPlatforms) = preSolution
		Debug|x64 = Debug|x64
		Debug|x86 = Debug|x86
		Release|x64 = Release|x64
		Release|x86 = Release|x86
	EndGlobalSection
	GlobalSection(ProjectConfigurationPlatforms) = postSolution
		{91BB5204-A51D-4936-9AB3-197C3E680FFD}.Debug|x64.ActiveCfg = Debug|x64
		{91BB5204-A51D-4936-9AB3-197C3E680FFD}.Debug|x64.Build.0 = Debug|x64
		{91BB5204-A51D-4936-9AB3-197C3E680FFD}.Debug|x86.ActiveCfg = Debug|Win32
		{91BB5204-A51D-4936-9AB3-197C3E680FFD}.Debug|x86.Build.0 = Debug|Win32
		{91BB5204-A51D-4936-9AB3-197C3E680FFD}.Release|x64.ActiveCfg = Release|x64
		{91BB5204-A51D-4936-9AB3-197C3E680FFD}.Release|x64.Build.0 = Release|x64
		{91BB5204-A51D-4936-9AB3-197C3E680FFD}.Release|x86.ActiveCfg = Release|Win32
		{91BB5204-A51D-4936-9AB3-197C3E680FFD}.Release|x86.Build.0 = Release|Win32
	EndGlobalSection
	GlobalSection(SolutionProperties) = preSolution
		HideSolutionNode = FALSE
	EndGlobalSection
	GlobalSection(ExtensibilityGlobals) = postSolution
		SolutionGuid = {834AEEE5-D206-4261-88F1-444F4408E620}
	EndGlobalSection
EndGlobal
